<?xml version="1.0" encoding="utf-8"?>
<Project ToolsVersion="4.0" xmlns="http://schemas.microsoft.com/developer/msbuild/2003">
  <ItemGroup>
    <Filter Include="Source Files">
      <UniqueIdentifier>{4FC737F1-C7A5-4376-A066-2A32D752A2FF}</UniqueIdentifier>
      <Extensions>cpp;c;cc;cxx;def;odl;idl;hpj;bat;asm;asmx</Extensions>
    </Filter>
    <Filter Include="Header Files">
      <UniqueIdentifier>{93995380-89BD-4b04-88EB-625FBE52EBFB}</UniqueIdentifier>
      <Extensions>h;hpp;hxx;hm;inl;inc;xsd</Extensions>
    </Filter>
    <Filter Include="Resource Files">
      <UniqueIdentifier>{67DA6AB6-F800-4c08-8B7A-83BB121AAD01}</UniqueIdentifier>
      <Extensions>rc;ico;cur;bmp;dlg;rc2;rct;bin;rgs;gif;jpg;jpeg;jpe;resx;tiff;tif;png;wav;mfcribbon-ms</Extensions>
    </Filter>
    <Filter Include="Source Files\Packets">
      <UniqueIdentifier>{397c7450-e7d2-4175-b126-2c665541cb86}</UniqueIdentifier>
    </Filter>
    <Filter Include="Source Files\Actors">
      <UniqueIdentifier>{47025df6-7b1c-4168-ac5e-6c5785cd137f}</UniqueIdentifier>
    </Filter>
  </ItemGroup>
  <ItemGroup>
    <ClCompile Include="..\daemon\Main.cpp">
      <Filter>Source Files</Filter>
    </ClCompile>
    <ClCompile Include="..\daemon\LobbyServer.cpp">
      <Filter>Source Files</Filter>
    </ClCompile>
    <ClCompile Include="..\common\BLOWFISH.C">
      <Filter>Source Files</Filter>
    </ClCompile>
    <ClCompile Include="..\daemon\GameServer.cpp">
      <Filter>Source Files</Filter>
    </ClCompile>
    <ClCompile Include="..\daemon\PacketUtils.cpp">
      <Filter>Source Files</Filter>
    </ClCompile>
    <ClCompile Include="..\daemon\Character.cpp">
      <Filter>Source Files</Filter>
    </ClCompile>
    <ClCompile Include="..\daemon\GameServerPlayer.cpp">
      <Filter>Source Files</Filter>
    </ClCompile>
    <ClCompile Include="..\daemon\Log.cpp">
      <Filter>Source Files</Filter>
    </ClCompile>
    <ClCompile Include="..\daemon\AppConfig.cpp">
      <Filter>Source Files</Filter>
    </ClCompile>
    <ClCompile Include="..\daemon\SocketUtils.cpp">
      <Filter>Source Files</Filter>
    </ClCompile>
    <ClCompile Include="..\daemon\LobbyServerPlayer.cpp">
      <Filter>Source Files</Filter>
    </ClCompile>
    <ClCompile Include="..\daemon\DatabaseConnectionManager.cpp">
      <Filter>Source Files</Filter>
    </ClCompile>
    <ClCompile Include="..\daemon\packets\BasePacket.cpp">
      <Filter>Source Files\Packets</Filter>
    </ClCompile>
    <ClCompile Include="..\daemon\packets\BattleActionPacket.cpp">
      <Filter>Source Files\Packets</Filter>
    </ClCompile>
    <ClCompile Include="..\daemon\packets\CompositePacket.cpp">
      <Filter>Source Files\Packets</Filter>
    </ClCompile>
    <ClCompile Include="..\daemon\packets\SetActorPropertyPacket.cpp">
      <Filter>Source Files\Packets</Filter>
    </ClCompile>
    <ClCompile Include="..\daemon\packets\SetActorStatePacket.cpp">
      <Filter>Source Files\Packets</Filter>
    </ClCompile>
    <ClCompile Include="..\daemon\packets\SetInitialPositionPacket.cpp">
      <Filter>Source Files\Packets</Filter>
    </ClCompile>
    <ClCompile Include="..\daemon\packets\SetInventoryPacket.cpp">
      <Filter>Source Files\Packets</Filter>
    </ClCompile>
    <ClCompile Include="..\daemon\packets\SetMapPacket.cpp">
      <Filter>Source Files\Packets</Filter>
    </ClCompile>
    <ClCompile Include="..\daemon\packets\SetMusicPacket.cpp">
      <Filter>Source Files\Packets</Filter>
    </ClCompile>
    <ClCompile Include="..\daemon\packets\SetWeatherPacket.cpp">
      <Filter>Source Files\Packets</Filter>
    </ClCompile>
    <ClCompile Include="..\daemon\packets\DisplayMessagePacket.cpp">
      <Filter>Source Files\Packets</Filter>
    </ClCompile>
    <ClCompile Include="..\daemon\ActorDatabase.cpp">
      <Filter>Source Files</Filter>
    </ClCompile>
    <ClCompile Include="..\daemon\GlobalData.cpp">
      <Filter>Source Files</Filter>
    </ClCompile>
    <ClCompile Include="..\daemon\actors\PlayerActor.cpp">
      <Filter>Source Files\Actors</Filter>
    </ClCompile>
    <ClCompile Include="..\daemon\actors\Actor.cpp">
      <Filter>Source Files\Actors</Filter>
    </ClCompile>
    <ClCompile Include="..\daemon\Instance.cpp">
      <Filter>Source Files</Filter>
    </ClCompile>
    <ClCompile Include="..\daemon\actors\EnemyActor.cpp">
      <Filter>Source Files\Actors</Filter>
    </ClCompile>
    <ClCompile Include="..\daemon\packets\FinishScriptPacket.cpp">
      <Filter>Source Files\Packets</Filter>
    </ClCompile>
    <ClCompile Include="..\daemon\packets\SetActorAppearancePacket.cpp">
      <Filter>Source Files\Packets</Filter>
    </ClCompile>
    <ClCompile Include="..\daemon\packets\ChangeEquipmentSlotPacket.cpp">
      <Filter>Source Files\Packets</Filter>
    </ClCompile>
    <ClCompile Include="..\daemon\packets\SetTempInventoryPacket.cpp">
      <Filter>Source Files\Packets</Filter>
    </ClCompile>
    <ClCompile Include="..\daemon\packets\UnknownInventoryPacket.cpp">
      <Filter>Source Files\Packets</Filter>
    </ClCompile>
    <ClCompile Include="..\daemon\AppearanceDatabase.cpp">
      <Filter>Source Files</Filter>
    </ClCompile>
    <ClCompile Include="..\daemon\packets\CommandRequestReplyPacket.cpp">
      <Filter>Source Files\Packets</Filter>
    </ClCompile>
    <ClCompile Include="..\daemon\packets\KeepAlivePacket.cpp">
      <Filter>Source Files\Packets</Filter>
    </ClCompile>
  </ItemGroup>
  <ItemGroup>
    <ClInclude Include="..\daemon\LobbyServer.h">
      <Filter>Source Files</Filter>
    </ClInclude>
    <ClInclude Include="..\common\BLOWFISH.H">
      <Filter>Source Files</Filter>
    </ClInclude>
    <ClInclude Include="..\daemon\GameServer.h">
      <Filter>Source Files</Filter>
    </ClInclude>
    <ClInclude Include="..\daemon\PacketUtils.h">
      <Filter>Source Files</Filter>
    </ClInclude>
    <ClInclude Include="..\daemon\Character.h">
      <Filter>Source Files</Filter>
    </ClInclude>
    <ClInclude Include="..\daemon\GameServer_Login.h">
      <Filter>Source Files</Filter>
    </ClInclude>
    <ClInclude Include="..\daemon\GameServer_MoveOutOfRoom.h">
      <Filter>Source Files</Filter>
    </ClInclude>
    <ClInclude Include="..\daemon\GameServerPlayer.h">
      <Filter>Source Files</Filter>
    </ClInclude>
    <ClInclude Include="..\daemon\SocketDef.h">
      <Filter>Source Files</Filter>
    </ClInclude>
    <ClInclude Include="..\daemon\Log.h">
      <Filter>Source Files</Filter>
    </ClInclude>
    <ClInclude Include="..\daemon\AppConfig.h">
      <Filter>Source Files</Filter>
    </ClInclude>
    <ClInclude Include="..\daemon\SocketUtils.h">
      <Filter>Source Files</Filter>
    </ClInclude>
    <ClInclude Include="..\daemon\LobbyServerPlayer.h">
      <Filter>Source Files</Filter>
    </ClInclude>
    <ClInclude Include="..\daemon\LobbyServer_Login.h">
      <Filter>Source Files</Filter>
    </ClInclude>
    <ClInclude Include="..\daemon\DatabaseConnectionManager.h">
      <Filter>Source Files</Filter>
    </ClInclude>
    <ClInclude Include="..\daemon\packets\BasePacket.h">
      <Filter>Source Files\Packets</Filter>
    </ClInclude>
    <ClInclude Include="..\daemon\packets\BattleActionPacket.h">
      <Filter>Source Files\Packets</Filter>
    </ClInclude>
    <ClInclude Include="..\daemon\packets\CompositePacket.h">
      <Filter>Source Files\Packets</Filter>
    </ClInclude>
    <ClInclude Include="..\daemon\packets\SetActorPropertyPacket.h">
      <Filter>Source Files\Packets</Filter>
    </ClInclude>
    <ClInclude Include="..\daemon\packets\SetActorStatePacket.h">
      <Filter>Source Files\Packets</Filter>
    </ClInclude>
    <ClInclude Include="..\daemon\packets\SetInitialPositionPacket.h">
      <Filter>Source Files\Packets</Filter>
    </ClInclude>
    <ClInclude Include="..\daemon\packets\SetInventoryPacket.h">
      <Filter>Source Files\Packets</Filter>
    </ClInclude>
    <ClInclude Include="..\daemon\packets\SetMapPacket.h">
      <Filter>Source Files\Packets</Filter>
    </ClInclude>
    <ClInclude Include="..\daemon\packets\SetMusicPacket.h">
      <Filter>Source Files\Packets</Filter>
    </ClInclude>
    <ClInclude Include="..\daemon\packets\SetWeatherPacket.h">
      <Filter>Source Files\Packets</Filter>
    </ClInclude>
    <ClInclude Include="..\daemon\packets\DisplayMessagePacket.h">
      <Filter>Source Files\Packets</Filter>
    </ClInclude>
    <ClInclude Include="..\daemon\GameServer_Ingame.h">
      <Filter>Source Files</Filter>
    </ClInclude>
    <ClInclude Include="..\daemon\ActorDatabase.h">
      <Filter>Source Files</Filter>
    </ClInclude>
    <ClInclude Include="..\daemon\GlobalData.h">
      <Filter>Source Files</Filter>
    </ClInclude>
    <ClInclude Include="..\daemon\actors\PlayerActor.h">
      <Filter>Source Files\Actors</Filter>
    </ClInclude>
    <ClInclude Include="..\daemon\actors\Actor.h">
      <Filter>Source Files\Actors</Filter>
    </ClInclude>
    <ClInclude Include="..\daemon\Instance.h">
      <Filter>Source Files</Filter>
    </ClInclude>
    <ClInclude Include="..\daemon\actors\EnemyActor.h">
      <Filter>Source Files\Actors</Filter>
    </ClInclude>
    <ClInclude Include="..\daemon\packets\FinishScriptPacket.h">
      <Filter>Source Files\Packets</Filter>
    </ClInclude>
    <ClInclude Include="..\daemon\packets\SetActorAppearancePacket.h">
      <Filter>Source Files\Packets</Filter>
    </ClInclude>
    <ClInclude Include="..\daemon\packets\ChangeEquipmentSlotPacket.h">
      <Filter>Source Files\Packets</Filter>
    </ClInclude>
    <ClInclude Include="..\daemon\packets\SetTempInventoryPacket.h">
      <Filter>Source Files\Packets</Filter>
    </ClInclude>
    <ClInclude Include="..\daemon\packets\ItemBlock.h">
      <Filter>Source Files\Packets</Filter>
    </ClInclude>
    <ClInclude Include="..\daemon\packets\UnknownInventoryPacket.h">
      <Filter>Source Files\Packets</Filter>
    </ClInclude>
    <ClInclude Include="..\daemon\AppearanceDatabase.h">
      <Filter>Source Files</Filter>
    </ClInclude>
    <ClInclude Include="..\daemon\packets\CommandRequestReplyPacket.h">
      <Filter>Source Files\Packets</Filter>
    </ClInclude>
    <ClInclude Include="..\daemon\packets\KeepAlivePacket.h">
      <Filter>Source Files\Packets</Filter>
    </ClInclude>
  </ItemGroup>
</Project>