<?xml version="1.0" encoding="utf-8"?>
<Project ToolsVersion="4.0" xmlns="http://schemas.microsoft.com/developer/msbuild/2003">
  <ItemGroup>
    <Filter Include="Source Files">
      <UniqueIdentifier>{4FC737F1-C7A5-4376-A066-2A32D752A2FF}</UniqueIdentifier>
      <Extensions>cpp;c;cc;cxx;def;odl;idl;hpj;bat;asm;asmx</Extensions>
    </Filter>
    <Filter Include="Header Files">
      <UniqueIdentifier>{93995380-89BD-4b04-88EB-625FBE52EBFB}</UniqueIdentifier>
      <Extensions>h;hpp;hxx;hm;inl;inc;xsd</Extensions>
    </Filter>
    <Filter Include="Resource Files">
      <UniqueIdentifier>{67DA6AB6-F800-4c08-8B7A-83BB121AAD01}</UniqueIdentifier>
      <Extensions>rc;ico;cur;bmp;dlg;rc2;rct;bin;rgs;gif;jpg;jpeg;jpe;resx;tiff;tif;png;wav;mfcribbon-ms</Extensions>
    </Filter>
  </ItemGroup>
  <ItemGroup>
    <ClCompile Include="..\launcher\WinMain.cpp">
      <Filter>Source Files</Filter>
    </ClCompile>
    <ClCompile Include="..\common\BLOWFISH.C">
      <Filter>Source Files</Filter>
    </ClCompile>
    <ClCompile Include="..\launcher\LauncherWindow.cpp">
      <Filter>Source Files</Filter>
    </ClCompile>
    <ClCompile Include="..\launcher\Launcher.cpp">
      <Filter>Source Files</Filter>
    </ClCompile>
    <ClCompile Include="..\Launcher\AppConfig.cpp">
      <Filter>Source Files</Filter>
    </ClCompile>
    <ClCompile Include="..\Launcher\ServerDefs.cpp">
      <Filter>Source Files</Filter>
    </ClCompile>
    <ClCompile Include="..\Launcher\Pch.cpp">
      <Filter>Source Files</Filter>
    </ClCompile>
    <ClCompile Include="..\launcher\GameSettingsWindow.cpp">
      <Filter>Source Files</Filter>
    </ClCompile>
    <ClCompile Include="..\launcher\PatchFile.cpp">
      <Filter>Source Files</Filter>
    </ClCompile>
    <ClCompile Include="..\launcher\PatcherWindow.cpp">
      <Filter>Source Files</Filter>
    </ClCompile>
    <ClCompile Include="..\launcher\PatcherService.cpp">
      <Filter>Source Files</Filter>
    </ClCompile>
    <ClCompile Include="..\launcher\DownloaderService.cpp">
      <Filter>Source Files</Filter>
    </ClCompile>
    <ClCompile Include="..\launcher\Utils.cpp">
      <Filter>Source Files</Filter>
    </ClCompile>
    <ClCompile Include="..\launcher\PatchProcess.cpp">
      <Filter>Source Files</Filter>
    </ClCompile>
  </ItemGroup>
  <ItemGroup>
    <ClInclude Include="..\common\BLOWFISH.H">
      <Filter>Source Files</Filter>
    </ClInclude>
    <ClInclude Include="..\launcher\LauncherWindow.h">
      <Filter>Source Files</Filter>
    </ClInclude>
    <ClInclude Include="..\launcher\Launcher.h">
      <Filter>Source Files</Filter>
    </ClInclude>
    <ClInclude Include="..\Launcher\AppConfig.h">
      <Filter>Source Files</Filter>
    </ClInclude>
    <ClInclude Include="..\Launcher\ServerDefs.h">
      <Filter>Source Files</Filter>
    </ClInclude>
    <ClInclude Include="..\Launcher\Pch.h">
      <Filter>Source Files</Filter>
    </ClInclude>
    <ClInclude Include="..\launcher\AppDef.h">
      <Filter>Source Files</Filter>
    </ClInclude>
    <ClInclude Include="..\launcher\resource.h">
      <Filter>Source Files</Filter>
    </ClInclude>
    <ClInclude Include="..\launcher\GameSettingsWindow.h">
      <Filter>Source Files</Filter>
    </ClInclude>
    <ClInclude Include="..\launcher\AppPreferences.h">
      <Filter>Source Files</Filter>
    </ClInclude>
    <ClInclude Include="..\launcher\PatchFile.h">
      <Filter>Source Files</Filter>
    </ClInclude>
    <ClInclude Include="..\launcher\PatcherWindow.h">
      <Filter>Source Files</Filter>
    </ClInclude>
    <ClInclude Include="..\launcher\PatcherService.h">
      <Filter>Source Files</Filter>
    </ClInclude>
    <ClInclude Include="..\launcher\AsyncService.h">
      <Filter>Source Files</Filter>
    </ClInclude>
    <ClInclude Include="..\launcher\DownloaderService.h">
      <Filter>Source Files</Filter>
    </ClInclude>
    <ClInclude Include="..\launcher\Utils.h">
      <Filter>Source Files</Filter>
    </ClInclude>
    <ClInclude Include="..\launcher\PatchProcess.h">
      <Filter>Source Files</Filter>
    </ClInclude>
  </ItemGroup>
  <ItemGroup>
    <ResourceCompile Include="..\launcher\Res.rc">
      <Filter>Resource Files</Filter>
    </ResourceCompile>
  </ItemGroup>
  <ItemGroup>
    <Xml Include="..\launcher\manifest.xml">
      <Filter>Source Files</Filter>
    </Xml>
  </ItemGroup>
  <ItemGroup>
    <Image Include="..\launcher\icon.ico">
      <Filter>Resource Files</Filter>
    </Image>
  </ItemGroup>
  <ItemGroup>
    <None Include="..\launcher\null_login.html" />
  </ItemGroup>
</Project>