<?xml version="1.0" encoding="utf-8"?>
<Project ToolsVersion="4.0" xmlns="http://schemas.microsoft.com/developer/msbuild/2003">
  <ItemGroup>
    <Filter Include="Source Files">
      <UniqueIdentifier>{4FC737F1-C7A5-4376-A066-2A32D752A2FF}</UniqueIdentifier>
      <Extensions>cpp;c;cc;cxx;def;odl;idl;hpj;bat;asm;asmx</Extensions>
    </Filter>
    <Filter Include="Header Files">
      <UniqueIdentifier>{93995380-89BD-4b04-88EB-625FBE52EBFB}</UniqueIdentifier>
      <Extensions>h;hh;hpp;hxx;hm;inl;inc;xsd</Extensions>
    </Filter>
    <Filter Include="Resource Files">
      <UniqueIdentifier>{67DA6AB6-F800-4c08-8B7A-83BB121AAD01}</UniqueIdentifier>
      <Extensions>rc;ico;cur;bmp;dlg;rc2;rct;bin;rgs;gif;jpg;jpeg;jpe;resx;tiff;tif;png;wav;mfcribbon-ms</Extensions>
    </Filter>
  </ItemGroup>
  <ItemGroup>
    <ClCompile Include="..\renderobjects\D3DShader.cpp">
      <Filter>Source Files</Filter>
    </ClCompile>
    <ClCompile Include="..\renderobjects\D3DShaderConstantTable.cpp">
      <Filter>Source Files</Filter>
    </ClCompile>
    <ClCompile Include="..\renderobjects\D3DShaderDisassembler.cpp">
      <Filter>Source Files</Filter>
    </ClCompile>
    <ClCompile Include="..\renderobjects\Dx11UmbralEffect.cpp">
      <Filter>Source Files</Filter>
    </ClCompile>
    <ClCompile Include="..\renderobjects\Dx11UmbralEffectGenerator.cpp">
      <Filter>Source Files</Filter>
    </ClCompile>
    <ClCompile Include="..\renderobjects\Dx11UmbralEffectProvider.cpp">
      <Filter>Source Files</Filter>
    </ClCompile>
    <ClCompile Include="..\renderobjects\GlobalResources.cpp">
      <Filter>Source Files</Filter>
    </ClCompile>
    <ClCompile Include="..\renderobjects\ResourceManager.cpp">
      <Filter>Source Files</Filter>
    </ClCompile>
    <ClCompile Include="..\renderobjects\UmbralActor.cpp">
      <Filter>Source Files</Filter>
    </ClCompile>
    <ClCompile Include="..\renderobjects\UmbralEffectProvider.cpp">
      <Filter>Source Files</Filter>
    </ClCompile>
    <ClCompile Include="..\renderobjects\UmbralMap.cpp">
      <Filter>Source Files</Filter>
    </ClCompile>
    <ClCompile Include="..\renderobjects\UmbralMesh.cpp">
      <Filter>Source Files</Filter>
    </ClCompile>
    <ClCompile Include="..\renderobjects\UmbralModel.cpp">
      <Filter>Source Files</Filter>
    </ClCompile>
    <ClCompile Include="..\renderobjects\WeaponVars.cpp">
      <Filter>Source Files</Filter>
    </ClCompile>
  </ItemGroup>
  <ItemGroup>
    <ClInclude Include="..\renderobjects\D3DShader.h">
      <Filter>Source Files</Filter>
    </ClInclude>
    <ClInclude Include="..\renderobjects\D3DShaderConstantTable.h">
      <Filter>Source Files</Filter>
    </ClInclude>
    <ClInclude Include="..\renderobjects\D3DShaderDisassembler.h">
      <Filter>Source Files</Filter>
    </ClInclude>
    <ClInclude Include="..\renderobjects\Dx11UmbralEffect.h">
      <Filter>Source Files</Filter>
    </ClInclude>
    <ClInclude Include="..\renderobjects\Dx11UmbralEffectGenerator.h">
      <Filter>Source Files</Filter>
    </ClInclude>
    <ClInclude Include="..\renderobjects\Dx11UmbralEffectProvider.h">
      <Filter>Source Files</Filter>
    </ClInclude>
    <ClInclude Include="..\renderobjects\GlobalResources.h">
      <Filter>Source Files</Filter>
    </ClInclude>
    <ClInclude Include="..\renderobjects\ResourceManager.h">
      <Filter>Source Files</Filter>
    </ClInclude>
    <ClInclude Include="..\renderobjects\UmbralActor.h">
      <Filter>Source Files</Filter>
    </ClInclude>
    <ClInclude Include="..\renderobjects\UmbralEffect.h">
      <Filter>Source Files</Filter>
    </ClInclude>
    <ClInclude Include="..\renderobjects\UmbralEffectProvider.h">
      <Filter>Source Files</Filter>
    </ClInclude>
    <ClInclude Include="..\renderobjects\UmbralMap.h">
      <Filter>Source Files</Filter>
    </ClInclude>
    <ClInclude Include="..\renderobjects\UmbralMesh.h">
      <Filter>Source Files</Filter>
    </ClInclude>
    <ClInclude Include="..\renderobjects\UmbralModel.h">
      <Filter>Source Files</Filter>
    </ClInclude>
    <ClInclude Include="..\renderobjects\WeaponVars.h">
      <Filter>Source Files</Filter>
    </ClInclude>
  </ItemGroup>
</Project>