
Microsoft Visual Studio Solution File, Format Version 12.00
# Visual Studio 2013
VisualStudioVersion = 12.0.30110.0
MinimumVisualStudioVersion = 10.0.40219.1
Project("{8BC9CEB8-8B4A-11D0-8D11-00A0C91BC942}") = "Launcher", "Launcher.vcxproj", "{DF41EE7B-C688-4495-96EA-B1B5D7486A79}"
EndProject
Project("{8BC9CEB8-8B4A-11D0-8D11-00A0C91BC942}") = "Framework", "..\..\Framework\build_win32\Framework.vcxproj", "{553CE050-A97E-4E6E-AE84-057A1F0FA45D}"
EndProject
Project("{8BC9CEB8-8B4A-11D0-8D11-00A0C91BC942}") = "Daemon", "Daemon.vcxproj", "{5E47C890-818C-402E-AAEF-48A40210BF1B}"
EndProject
Project("{FAE04EC0-301F-11D3-BF4B-00C04F79EFBC}") = "PacketUnpacker", "..\tools\PacketUnpacker\PacketUnpacker.csproj", "{AB3566EA-EF04-4CD3-B8E1-502BAC419588}"
EndProject
Project("{8BC9CEB8-8B4A-11D0-8D11-00A0C91BC942}") = "FrameworkMySql", "..\..\Framework\build_win32\FrameworkMySql.vcxproj", "{DE7EC936-F8A7-4A7A-85E2-5D0439365F21}"
EndProject
Project("{8BC9CEB8-8B4A-11D0-8D11-00A0C91BC942}") = "zlib-1.2.8", "..\..\zlib-1.2.8\zlib-1.2.8.vcxproj", "{4A0B5134-AB23-452D-8513-8225FA178356}"
EndProject
Global
	GlobalSection(SolutionConfigurationPlatforms) = preSolution
		Debug|Win32 = Debug|Win32
		Release|Win32 = Release|Win32
	EndGlobalSection
	GlobalSection(ProjectConfigurationPlatforms) = postSolution
		{DF41EE7B-C688-4495-96EA-B1B5D7486A79}.Debug|Win32.ActiveCfg = Debug|Win32
		{DF41EE7B-C688-4495-96EA-B1B5D7486A79}.Debug|Win32.Build.0 = Debug|Win32
		{DF41EE7B-C688-4495-96EA-B1B5D7486A79}.Release|Win32.ActiveCfg = Release|Win32
		{DF41EE7B-C688-4495-96EA-B1B5D7486A79}.Release|Win32.Build.0 = Release|Win32
		{553CE050-A97E-4E6E-AE84-057A1F0FA45D}.Debug|Win32.ActiveCfg = Debug|Win32
		{553CE050-A97E-4E6E-AE84-057A1F0FA45D}.Debug|Win32.Build.0 = Debug|Win32
		{553CE050-A97E-4E6E-AE84-057A1F0FA45D}.Release|Win32.ActiveCfg = Release|Win32
		{553CE050-A97E-4E6E-AE84-057A1F0FA45D}.Release|Win32.Build.0 = Release|Win32
		{5E47C890-818C-402E-AAEF-48A40210BF1B}.Debug|Win32.ActiveCfg = Debug|Win32
		{5E47C890-818C-402E-AAEF-48A40210BF1B}.Debug|Win32.Build.0 = Debug|Win32
		{5E47C890-818C-402E-AAEF-48A40210BF1B}.Release|Win32.ActiveCfg = Release|Win32
		{5E47C890-818C-402E-AAEF-48A40210BF1B}.Release|Win32.Build.0 = Release|Win32
		{AB3566EA-EF04-4CD3-B8E1-502BAC419588}.Debug|Win32.ActiveCfg = Debug|Any CPU
		{AB3566EA-EF04-4CD3-B8E1-502BAC419588}.Debug|Win32.Build.0 = Debug|Any CPU
		{AB3566EA-EF04-4CD3-B8E1-502BAC419588}.Release|Win32.ActiveCfg = Release|Any CPU
		{AB3566EA-EF04-4CD3-B8E1-502BAC419588}.Release|Win32.Build.0 = Release|Any CPU
		{DE7EC936-F8A7-4A7A-85E2-5D0439365F21}.Debug|Win32.ActiveCfg = Debug|Win32
		{DE7EC936-F8A7-4A7A-85E2-5D0439365F21}.Debug|Win32.Build.0 = Debug|Win32
		{DE7EC936-F8A7-4A7A-85E2-5D0439365F21}.Release|Win32.ActiveCfg = Release|Win32
		{DE7EC936-F8A7-4A7A-85E2-5D0439365F21}.Release|Win32.Build.0 = Release|Win32
		{4A0B5134-AB23-452D-8513-8225FA178356}.Debug|Win32.ActiveCfg = Debug|Win32
		{4A0B5134-AB23-452D-8513-8225FA178356}.Debug|Win32.Build.0 = Debug|Win32
		{4A0B5134-AB23-452D-8513-8225FA178356}.Release|Win32.ActiveCfg = Release|Win32
		{4A0B5134-AB23-452D-8513-8225FA178356}.Release|Win32.Build.0 = Release|Win32
	EndGlobalSection
	GlobalSection(SolutionProperties) = preSolution
		HideSolutionNode = FALSE
	EndGlobalSection
EndGlobal
