<?xml version="1.0" encoding="utf-8"?>
<Project ToolsVersion="4.0" xmlns="http://schemas.microsoft.com/developer/msbuild/2003">
  <ItemGroup>
    <Filter Include="Source Files">
      <UniqueIdentifier>{4FC737F1-C7A5-4376-A066-2A32D752A2FF}</UniqueIdentifier>
      <Extensions>cpp;c;cc;cxx;def;odl;idl;hpj;bat;asm;asmx</Extensions>
    </Filter>
    <Filter Include="Header Files">
      <UniqueIdentifier>{93995380-89BD-4b04-88EB-625FBE52EBFB}</UniqueIdentifier>
      <Extensions>h;hpp;hxx;hm;inl;inc;xsd</Extensions>
    </Filter>
    <Filter Include="Resource Files">
      <UniqueIdentifier>{67DA6AB6-F800-4c08-8B7A-83BB121AAD01}</UniqueIdentifier>
      <Extensions>rc;ico;cur;bmp;dlg;rc2;rct;bin;rgs;gif;jpg;jpeg;jpe;resx;tiff;tif;png;wav;mfcribbon-ms</Extensions>
    </Filter>
    <Filter Include="Source Files\Sections">
      <UniqueIdentifier>{e05e6e06-f0e1-4960-9cac-be71bc1dcf03}</UniqueIdentifier>
    </Filter>
    <Filter Include="Source Files\Chunks">
      <UniqueIdentifier>{872644ee-c881-44c5-829c-f5eeef0db3c9}</UniqueIdentifier>
    </Filter>
  </ItemGroup>
  <ItemGroup>
    <ClCompile Include="Source\WinMain.cpp">
      <Filter>Source Files</Filter>
    </ClCompile>
    <ClCompile Include="Source\BaseSection.cpp">
      <Filter>Source Files\Sections</Filter>
    </ClCompile>
    <ClCompile Include="Source\ResourceSection.cpp">
      <Filter>Source Files\Sections</Filter>
    </ClCompile>
    <ClCompile Include="Source\ShaderSection.cpp">
      <Filter>Source Files\Sections</Filter>
    </ClCompile>
    <ClCompile Include="Source\BaseChunk.cpp">
      <Filter>Source Files\Chunks</Filter>
    </ClCompile>
    <ClCompile Include="Source\ContainerChunk.cpp">
      <Filter>Source Files\Chunks</Filter>
    </ClCompile>
    <ClCompile Include="Source\SectionLoader.cpp">
      <Filter>Source Files\Sections</Filter>
    </ClCompile>
    <ClCompile Include="Source\ChunkLoader.cpp">
      <Filter>Source Files\Chunks</Filter>
    </ClCompile>
    <ClCompile Include="Source\ShaderChunk.cpp">
      <Filter>Source Files\Chunks</Filter>
    </ClCompile>
    <ClCompile Include="Source\FileChunk.cpp">
      <Filter>Source Files\Chunks</Filter>
    </ClCompile>
    <ClCompile Include="Source\ModelSection.cpp">
      <Filter>Source Files\Sections</Filter>
    </ClCompile>
    <ClCompile Include="Source\ModelChunk.cpp">
      <Filter>Source Files\Chunks</Filter>
    </ClCompile>
    <ClCompile Include="Source\ModelContainerChunk.cpp">
      <Filter>Source Files\Chunks</Filter>
    </ClCompile>
    <ClCompile Include="Source\HeaderChunk.cpp">
      <Filter>Source Files\Chunks</Filter>
    </ClCompile>
    <ClCompile Include="Source\LtcdChunk.cpp">
      <Filter>Source Files\Chunks</Filter>
    </ClCompile>
    <ClCompile Include="Source\WrbChunk.cpp">
      <Filter>Source Files\Chunks</Filter>
    </ClCompile>
    <ClCompile Include="Source\NameChunk.cpp">
      <Filter>Source Files\Chunks</Filter>
    </ClCompile>
    <ClCompile Include="Source\MeshChunk.cpp">
      <Filter>Source Files\Chunks</Filter>
    </ClCompile>
    <ClCompile Include="Source\StringChunk.cpp">
      <Filter>Source Files\Chunks</Filter>
    </ClCompile>
  </ItemGroup>
  <ItemGroup>
    <ClInclude Include="Source\BaseSection.h">
      <Filter>Source Files\Sections</Filter>
    </ClInclude>
    <ClInclude Include="Source\ResourceSection.h">
      <Filter>Source Files\Sections</Filter>
    </ClInclude>
    <ClInclude Include="Source\ShaderSection.h">
      <Filter>Source Files\Sections</Filter>
    </ClInclude>
    <ClInclude Include="Source\BaseChunk.h">
      <Filter>Source Files\Chunks</Filter>
    </ClInclude>
    <ClInclude Include="Source\ContainerChunk.h">
      <Filter>Source Files\Chunks</Filter>
    </ClInclude>
    <ClInclude Include="Source\SectionLoader.h">
      <Filter>Source Files\Sections</Filter>
    </ClInclude>
    <ClInclude Include="Source\ChunkLoader.h">
      <Filter>Source Files\Chunks</Filter>
    </ClInclude>
    <ClInclude Include="Source\ShaderChunk.h">
      <Filter>Source Files\Chunks</Filter>
    </ClInclude>
    <ClInclude Include="Source\FileChunk.h">
      <Filter>Source Files\Chunks</Filter>
    </ClInclude>
    <ClInclude Include="Source\ModelSection.h">
      <Filter>Source Files\Sections</Filter>
    </ClInclude>
    <ClInclude Include="Source\ModelChunk.h">
      <Filter>Source Files\Chunks</Filter>
    </ClInclude>
    <ClInclude Include="Source\ModelContainerChunk.h">
      <Filter>Source Files\Chunks</Filter>
    </ClInclude>
    <ClInclude Include="Source\HeaderChunk.h">
      <Filter>Source Files\Chunks</Filter>
    </ClInclude>
    <ClInclude Include="Source\LtcdChunk.h">
      <Filter>Source Files\Chunks</Filter>
    </ClInclude>
    <ClInclude Include="Source\WrbChunk.h">
      <Filter>Source Files\Chunks</Filter>
    </ClInclude>
    <ClInclude Include="Source\NameChunk.h">
      <Filter>Source Files\Chunks</Filter>
    </ClInclude>
    <ClInclude Include="Source\MeshChunk.h">
      <Filter>Source Files\Chunks</Filter>
    </ClInclude>
    <ClInclude Include="Source\StringChunk.h">
      <Filter>Source Files\Chunks</Filter>
    </ClInclude>
  </ItemGroup>
</Project>